// !$*UTF8*$!
{
	archiveVersion = 1;
	classes = {
	};
	objectVersion = 56;
	objects = {

/* Begin PBXBuildFile section */
		241CB9312B5751D0008D2691 /* GritApp.swift in Sources */ = {isa = PBXBuildFile; fileRef = 241CB9302B5751D0008D2691 /* GritApp.swift */; };
		241CB9332B5751D0008D2691 /* ContentView.swift in Sources */ = {isa = PBXBuildFile; fileRef = 241CB9322B5751D0008D2691 /* ContentView.swift */; };
		241CB9352B5751D4008D2691 /* Assets.xcassets in Resources */ = {isa = PBXBuildFile; fileRef = 241CB9342B5751D4008D2691 /* Assets.xcassets */; };
		241CB9382B5751D4008D2691 /* Preview Assets.xcassets in Resources */ = {isa = PBXBuildFile; fileRef = 241CB9372B5751D4008D2691 /* Preview Assets.xcassets */; };
		242B04CD2C80A3C800B25166 /* ProfileHeaderSheetView.swift in Sources */ = {isa = PBXBuildFile; fileRef = 242B04CC2C80A3C800B25166 /* ProfileHeaderSheetView.swift */; };
		242B04CF2C80A3DA00B25166 /* ProfileHeaderSheetViewModel.swift in Sources */ = {isa = PBXBuildFile; fileRef = 242B04CE2C80A3DA00B25166 /* ProfileHeaderSheetViewModel.swift */; };
		2466C0B52B575B7700416DB6 /* ProfileView.swift in Sources */ = {isa = PBXBuildFile; fileRef = 2466C0B42B575B7700416DB6 /* ProfileView.swift */; };
		2466C0B72B575B8600416DB6 /* ActionView.swift in Sources */ = {isa = PBXBuildFile; fileRef = 2466C0B62B575B8600416DB6 /* ActionView.swift */; };
		2466C0BA2B575B9C00416DB6 /* HomeView.swift in Sources */ = {isa = PBXBuildFile; fileRef = 2466C0B92B575B9C00416DB6 /* HomeView.swift */; };
		246AA27A2C7264160022F72E /* ProfileHeaderViewModel.swift in Sources */ = {isa = PBXBuildFile; fileRef = 246AA2792C7264160022F72E /* ProfileHeaderViewModel.swift */; };
		247B720D2B792D3B0025061C /* WorkoutModel.swift in Sources */ = {isa = PBXBuildFile; fileRef = 247B720C2B792D3B0025061C /* WorkoutModel.swift */; };
		247B720F2B796D500025061C /* ExerciseModel.swift in Sources */ = {isa = PBXBuildFile; fileRef = 247B720E2B796D500025061C /* ExerciseModel.swift */; };
		247B72112B7970930025061C /* RoutineModel.swift in Sources */ = {isa = PBXBuildFile; fileRef = 247B72102B7970930025061C /* RoutineModel.swift */; };
		247B72192B8818380025061C /* UserModel.swift in Sources */ = {isa = PBXBuildFile; fileRef = 247B72182B8818380025061C /* UserModel.swift */; };
		247BB5E42C445CD500EFD77F /* FirebaseAnalyticsSwift in Frameworks */ = {isa = PBXBuildFile; productRef = 247BB5E32C445CD500EFD77F /* FirebaseAnalyticsSwift */; };
		247BB5E82C445CD500EFD77F /* FirebaseAppCheck in Frameworks */ = {isa = PBXBuildFile; productRef = 247BB5E72C445CD500EFD77F /* FirebaseAppCheck */; };
		247BB5EC2C445CD500EFD77F /* FirebaseAuth in Frameworks */ = {isa = PBXBuildFile; productRef = 247BB5EB2C445CD500EFD77F /* FirebaseAuth */; };
		247BB5F82C445CD500EFD77F /* FirebaseFirestore in Frameworks */ = {isa = PBXBuildFile; productRef = 247BB5F72C445CD500EFD77F /* FirebaseFirestore */; };
		247BB5FC2C445CD500EFD77F /* FirebaseFirestoreSwift in Frameworks */ = {isa = PBXBuildFile; productRef = 247BB5FB2C445CD500EFD77F /* FirebaseFirestoreSwift */; };
		247BB6122C445CD500EFD77F /* FirebaseStorage in Frameworks */ = {isa = PBXBuildFile; productRef = 247BB6112C445CD500EFD77F /* FirebaseStorage */; };
		247BB6182C518A5400EFD77F /* GoogleService-Info.plist in Resources */ = {isa = PBXBuildFile; fileRef = 247BB6172C518A5400EFD77F /* GoogleService-Info.plist */; };
		247BB61B2C518ABB00EFD77F /* FirebaseAnalytics in Frameworks */ = {isa = PBXBuildFile; productRef = 247BB61A2C518ABB00EFD77F /* FirebaseAnalytics */; };
		247BB61F2C58DC3B00EFD77F /* LoginView.swift in Sources */ = {isa = PBXBuildFile; fileRef = 247BB61E2C58DC3B00EFD77F /* LoginView.swift */; };
		247BB6212C58DE4C00EFD77F /* LoginViewModel.swift in Sources */ = {isa = PBXBuildFile; fileRef = 247BB6202C58DE4C00EFD77F /* LoginViewModel.swift */; };
		247BB6242C58DEC600EFD77F /* AuthenticationService.swift in Sources */ = {isa = PBXBuildFile; fileRef = 247BB6232C58DEC600EFD77F /* AuthenticationService.swift */; };
		247BB6272C5BB49000EFD77F /* SignUpViewModel.swift in Sources */ = {isa = PBXBuildFile; fileRef = 247BB6262C5BB49000EFD77F /* SignUpViewModel.swift */; };
		247BB6292C5BB4AD00EFD77F /* SignUpView.swift in Sources */ = {isa = PBXBuildFile; fileRef = 247BB6282C5BB4AD00EFD77F /* SignUpView.swift */; };
		247BB62C2C5DB4F500EFD77F /* AuthenticationServiceProtocol.swift in Sources */ = {isa = PBXBuildFile; fileRef = 247BB62B2C5DB4F500EFD77F /* AuthenticationServiceProtocol.swift */; };
		247BB62F2C60FA8E00EFD77F /* SettingsViewModel.swift in Sources */ = {isa = PBXBuildFile; fileRef = 247BB62E2C60FA8E00EFD77F /* SettingsViewModel.swift */; };
		247BB6312C60FA9A00EFD77F /* SettingsView.swift in Sources */ = {isa = PBXBuildFile; fileRef = 247BB6302C60FA9A00EFD77F /* SettingsView.swift */; };
		247BB6342C624A7200EFD77F /* ForgotPasswordView.swift in Sources */ = {isa = PBXBuildFile; fileRef = 247BB6332C624A7200EFD77F /* ForgotPasswordView.swift */; };
		247BB6362C624A7E00EFD77F /* ForgotPasswordViewModel.swift in Sources */ = {isa = PBXBuildFile; fileRef = 247BB6352C624A7E00EFD77F /* ForgotPasswordViewModel.swift */; };
		247BB6392C6394D100EFD77F /* MainViewModel.swift in Sources */ = {isa = PBXBuildFile; fileRef = 247BB6382C6394D100EFD77F /* MainViewModel.swift */; };
		247BB63B2C6394F400EFD77F /* MainView.swift in Sources */ = {isa = PBXBuildFile; fileRef = 247BB63A2C6394F400EFD77F /* MainView.swift */; };
		247BB63D2C63990600EFD77F /* DependencyContainer.swift in Sources */ = {isa = PBXBuildFile; fileRef = 247BB63C2C63990600EFD77F /* DependencyContainer.swift */; };
		247BB63F2C6E2DF900EFD77F /* UserServiceProtocol.swift in Sources */ = {isa = PBXBuildFile; fileRef = 247BB63E2C6E2DF900EFD77F /* UserServiceProtocol.swift */; };
		247BB6412C6E2E2900EFD77F /* UserService.swift in Sources */ = {isa = PBXBuildFile; fileRef = 247BB6402C6E2E2900EFD77F /* UserService.swift */; };
		2482B7842B5F590D00A35D17 /* Color.swift in Sources */ = {isa = PBXBuildFile; fileRef = 2482B7832B5F590D00A35D17 /* Color.swift */; };
		249181E42B61C3FF0009E089 /* ColorPaletteView.swift in Sources */ = {isa = PBXBuildFile; fileRef = 249181E32B61C3FF0009E089 /* ColorPaletteView.swift */; };
		249181E72B6344050009E089 /* PaletteCardView.swift in Sources */ = {isa = PBXBuildFile; fileRef = 249181E62B6344050009E089 /* PaletteCardView.swift */; };
		249181E92B63446A0009E089 /* MainColorView.swift in Sources */ = {isa = PBXBuildFile; fileRef = 249181E82B63446A0009E089 /* MainColorView.swift */; };
		249181EB2B65972A0009E089 /* AlertColorView.swift in Sources */ = {isa = PBXBuildFile; fileRef = 249181EA2B65972A0009E089 /* AlertColorView.swift */; };
		2495CE822BCB45AA00FF34DC /* ProfileHeaderView.swift in Sources */ = {isa = PBXBuildFile; fileRef = 2495CE812BCB45AA00FF34DC /* ProfileHeaderView.swift */; };
		2495CE872BCB4F0E00FF34DC /* WorkoutCardView.swift in Sources */ = {isa = PBXBuildFile; fileRef = 2495CE862BCB4F0E00FF34DC /* WorkoutCardView.swift */; };
		2495CE892BCC28A600FF34DC /* MuscleGroupModel.swift in Sources */ = {isa = PBXBuildFile; fileRef = 2495CE882BCC28A600FF34DC /* MuscleGroupModel.swift */; };
		2495CE8D2BCC2BDD00FF34DC /* TagView.swift in Sources */ = {isa = PBXBuildFile; fileRef = 2495CE8C2BCC2BDD00FF34DC /* TagView.swift */; };
		2495CE902BD42BD800FF34DC /* DesignConstants.swift in Sources */ = {isa = PBXBuildFile; fileRef = 2495CE8F2BD42BD800FF34DC /* DesignConstants.swift */; };
		2495CE942BE0667500FF34DC /* WorkoutView.swift in Sources */ = {isa = PBXBuildFile; fileRef = 2495CE932BE0667500FF34DC /* WorkoutView.swift */; };
		2495CE972BFD85AA00FF34DC /* ExerciseCellView.swift in Sources */ = {isa = PBXBuildFile; fileRef = 2495CE962BFD85AA00FF34DC /* ExerciseCellView.swift */; };
		24C017022B6737C300945665 /* BackgroundColorView.swift in Sources */ = {isa = PBXBuildFile; fileRef = 24C017012B6737C300945665 /* BackgroundColorView.swift */; };
		24C234872B93923900B2B092 /* PreviewProvider.swift in Sources */ = {isa = PBXBuildFile; fileRef = 24C234862B93923900B2B092 /* PreviewProvider.swift */; };
		24C234892BA2843000B2B092 /* ProfileViewModel.swift in Sources */ = {isa = PBXBuildFile; fileRef = 24C234882BA2843000B2B092 /* ProfileViewModel.swift */; };
/* End PBXBuildFile section */

/* Begin PBXFileReference section */
		241CB92D2B5751D0008D2691 /* Grit.app */ = {isa = PBXFileReference; explicitFileType = wrapper.application; includeInIndex = 0; path = Grit.app; sourceTree = BUILT_PRODUCTS_DIR; };
		241CB9302B5751D0008D2691 /* GritApp.swift */ = {isa = PBXFileReference; lastKnownFileType = sourcecode.swift; path = GritApp.swift; sourceTree = "<group>"; };
		241CB9322B5751D0008D2691 /* ContentView.swift */ = {isa = PBXFileReference; lastKnownFileType = sourcecode.swift; path = ContentView.swift; sourceTree = "<group>"; };
		241CB9342B5751D4008D2691 /* Assets.xcassets */ = {isa = PBXFileReference; lastKnownFileType = folder.assetcatalog; path = Assets.xcassets; sourceTree = "<group>"; };
		241CB9372B5751D4008D2691 /* Preview Assets.xcassets */ = {isa = PBXFileReference; lastKnownFileType = folder.assetcatalog; path = "Preview Assets.xcassets"; sourceTree = "<group>"; };
		242B04CC2C80A3C800B25166 /* ProfileHeaderSheetView.swift */ = {isa = PBXFileReference; lastKnownFileType = sourcecode.swift; path = ProfileHeaderSheetView.swift; sourceTree = "<group>"; };
		242B04CE2C80A3DA00B25166 /* ProfileHeaderSheetViewModel.swift */ = {isa = PBXFileReference; lastKnownFileType = sourcecode.swift; path = ProfileHeaderSheetViewModel.swift; sourceTree = "<group>"; };
		2466C0B42B575B7700416DB6 /* ProfileView.swift */ = {isa = PBXFileReference; lastKnownFileType = sourcecode.swift; path = ProfileView.swift; sourceTree = "<group>"; };
		2466C0B62B575B8600416DB6 /* ActionView.swift */ = {isa = PBXFileReference; lastKnownFileType = sourcecode.swift; path = ActionView.swift; sourceTree = "<group>"; };
		2466C0B92B575B9C00416DB6 /* HomeView.swift */ = {isa = PBXFileReference; lastKnownFileType = sourcecode.swift; path = HomeView.swift; sourceTree = "<group>"; };
		246AA2792C7264160022F72E /* ProfileHeaderViewModel.swift */ = {isa = PBXFileReference; lastKnownFileType = sourcecode.swift; path = ProfileHeaderViewModel.swift; sourceTree = "<group>"; };
		247B720C2B792D3B0025061C /* WorkoutModel.swift */ = {isa = PBXFileReference; lastKnownFileType = sourcecode.swift; path = WorkoutModel.swift; sourceTree = "<group>"; };
		247B720E2B796D500025061C /* ExerciseModel.swift */ = {isa = PBXFileReference; lastKnownFileType = sourcecode.swift; path = ExerciseModel.swift; sourceTree = "<group>"; };
		247B72102B7970930025061C /* RoutineModel.swift */ = {isa = PBXFileReference; lastKnownFileType = sourcecode.swift; path = RoutineModel.swift; sourceTree = "<group>"; };
		247B72182B8818380025061C /* UserModel.swift */ = {isa = PBXFileReference; lastKnownFileType = sourcecode.swift; path = UserModel.swift; sourceTree = "<group>"; };
		247BB6172C518A5400EFD77F /* GoogleService-Info.plist */ = {isa = PBXFileReference; fileEncoding = 4; lastKnownFileType = text.plist.xml; name = "GoogleService-Info.plist"; path = "../../../Downloads/GoogleService-Info.plist"; sourceTree = "<group>"; };
		247BB61E2C58DC3B00EFD77F /* LoginView.swift */ = {isa = PBXFileReference; lastKnownFileType = sourcecode.swift; path = LoginView.swift; sourceTree = "<group>"; };
		247BB6202C58DE4C00EFD77F /* LoginViewModel.swift */ = {isa = PBXFileReference; lastKnownFileType = sourcecode.swift; path = LoginViewModel.swift; sourceTree = "<group>"; };
		247BB6232C58DEC600EFD77F /* AuthenticationService.swift */ = {isa = PBXFileReference; lastKnownFileType = sourcecode.swift; path = AuthenticationService.swift; sourceTree = "<group>"; };
		247BB6262C5BB49000EFD77F /* SignUpViewModel.swift */ = {isa = PBXFileReference; lastKnownFileType = sourcecode.swift; path = SignUpViewModel.swift; sourceTree = "<group>"; };
		247BB6282C5BB4AD00EFD77F /* SignUpView.swift */ = {isa = PBXFileReference; lastKnownFileType = sourcecode.swift; path = SignUpView.swift; sourceTree = "<group>"; };
		247BB62B2C5DB4F500EFD77F /* AuthenticationServiceProtocol.swift */ = {isa = PBXFileReference; lastKnownFileType = sourcecode.swift; path = AuthenticationServiceProtocol.swift; sourceTree = "<group>"; };
		247BB62E2C60FA8E00EFD77F /* SettingsViewModel.swift */ = {isa = PBXFileReference; lastKnownFileType = sourcecode.swift; path = SettingsViewModel.swift; sourceTree = "<group>"; };
		247BB6302C60FA9A00EFD77F /* SettingsView.swift */ = {isa = PBXFileReference; lastKnownFileType = sourcecode.swift; path = SettingsView.swift; sourceTree = "<group>"; };
		247BB6332C624A7200EFD77F /* ForgotPasswordView.swift */ = {isa = PBXFileReference; lastKnownFileType = sourcecode.swift; path = ForgotPasswordView.swift; sourceTree = "<group>"; };
		247BB6352C624A7E00EFD77F /* ForgotPasswordViewModel.swift */ = {isa = PBXFileReference; lastKnownFileType = sourcecode.swift; path = ForgotPasswordViewModel.swift; sourceTree = "<group>"; };
		247BB6382C6394D100EFD77F /* MainViewModel.swift */ = {isa = PBXFileReference; lastKnownFileType = sourcecode.swift; path = MainViewModel.swift; sourceTree = "<group>"; };
		247BB63A2C6394F400EFD77F /* MainView.swift */ = {isa = PBXFileReference; lastKnownFileType = sourcecode.swift; path = MainView.swift; sourceTree = "<group>"; };
		247BB63C2C63990600EFD77F /* DependencyContainer.swift */ = {isa = PBXFileReference; lastKnownFileType = sourcecode.swift; path = DependencyContainer.swift; sourceTree = "<group>"; };
		247BB63E2C6E2DF900EFD77F /* UserServiceProtocol.swift */ = {isa = PBXFileReference; lastKnownFileType = sourcecode.swift; path = UserServiceProtocol.swift; sourceTree = "<group>"; };
		247BB6402C6E2E2900EFD77F /* UserService.swift */ = {isa = PBXFileReference; lastKnownFileType = sourcecode.swift; path = UserService.swift; sourceTree = "<group>"; };
		2482B7832B5F590D00A35D17 /* Color.swift */ = {isa = PBXFileReference; lastKnownFileType = sourcecode.swift; path = Color.swift; sourceTree = "<group>"; };
		249181E32B61C3FF0009E089 /* ColorPaletteView.swift */ = {isa = PBXFileReference; lastKnownFileType = sourcecode.swift; path = ColorPaletteView.swift; sourceTree = "<group>"; };
		249181E62B6344050009E089 /* PaletteCardView.swift */ = {isa = PBXFileReference; lastKnownFileType = sourcecode.swift; path = PaletteCardView.swift; sourceTree = "<group>"; };
		249181E82B63446A0009E089 /* MainColorView.swift */ = {isa = PBXFileReference; lastKnownFileType = sourcecode.swift; path = MainColorView.swift; sourceTree = "<group>"; };
		249181EA2B65972A0009E089 /* AlertColorView.swift */ = {isa = PBXFileReference; lastKnownFileType = sourcecode.swift; path = AlertColorView.swift; sourceTree = "<group>"; };
		2495CE812BCB45AA00FF34DC /* ProfileHeaderView.swift */ = {isa = PBXFileReference; lastKnownFileType = sourcecode.swift; path = ProfileHeaderView.swift; sourceTree = "<group>"; };
		2495CE862BCB4F0E00FF34DC /* WorkoutCardView.swift */ = {isa = PBXFileReference; lastKnownFileType = sourcecode.swift; path = WorkoutCardView.swift; sourceTree = "<group>"; };
		2495CE882BCC28A600FF34DC /* MuscleGroupModel.swift */ = {isa = PBXFileReference; lastKnownFileType = sourcecode.swift; path = MuscleGroupModel.swift; sourceTree = "<group>"; };
		2495CE8C2BCC2BDD00FF34DC /* TagView.swift */ = {isa = PBXFileReference; lastKnownFileType = sourcecode.swift; path = TagView.swift; sourceTree = "<group>"; };
		2495CE8F2BD42BD800FF34DC /* DesignConstants.swift */ = {isa = PBXFileReference; lastKnownFileType = sourcecode.swift; path = DesignConstants.swift; sourceTree = "<group>"; };
		2495CE932BE0667500FF34DC /* WorkoutView.swift */ = {isa = PBXFileReference; lastKnownFileType = sourcecode.swift; path = WorkoutView.swift; sourceTree = "<group>"; };
		2495CE962BFD85AA00FF34DC /* ExerciseCellView.swift */ = {isa = PBXFileReference; lastKnownFileType = sourcecode.swift; path = ExerciseCellView.swift; sourceTree = "<group>"; };
		24C017012B6737C300945665 /* BackgroundColorView.swift */ = {isa = PBXFileReference; lastKnownFileType = sourcecode.swift; path = BackgroundColorView.swift; sourceTree = "<group>"; };
		24C234862B93923900B2B092 /* PreviewProvider.swift */ = {isa = PBXFileReference; lastKnownFileType = sourcecode.swift; path = PreviewProvider.swift; sourceTree = "<group>"; };
		24C234882BA2843000B2B092 /* ProfileViewModel.swift */ = {isa = PBXFileReference; lastKnownFileType = sourcecode.swift; path = ProfileViewModel.swift; sourceTree = "<group>"; };
/* End PBXFileReference section */

/* Begin PBXFrameworksBuildPhase section */
		241CB92A2B5751D0008D2691 /* Frameworks */ = {
			isa = PBXFrameworksBuildPhase;
			buildActionMask = 2147483647;
			files = (
				247BB61B2C518ABB00EFD77F /* FirebaseAnalytics in Frameworks */,
				247BB5F82C445CD500EFD77F /* FirebaseFirestore in Frameworks */,
				247BB5E42C445CD500EFD77F /* FirebaseAnalyticsSwift in Frameworks */,
				247BB5FC2C445CD500EFD77F /* FirebaseFirestoreSwift in Frameworks */,
				247BB5E82C445CD500EFD77F /* FirebaseAppCheck in Frameworks */,
				247BB5EC2C445CD500EFD77F /* FirebaseAuth in Frameworks */,
				247BB6122C445CD500EFD77F /* FirebaseStorage in Frameworks */,
			);
			runOnlyForDeploymentPostprocessing = 0;
		};
/* End PBXFrameworksBuildPhase section */

/* Begin PBXGroup section */
		241CB9242B5751D0008D2691 = {
			isa = PBXGroup;
			children = (
				241CB92F2B5751D0008D2691 /* Grit */,
				241CB92E2B5751D0008D2691 /* Products */,
				247BB6192C518ABB00EFD77F /* Frameworks */,
			);
			sourceTree = "<group>";
		};
		241CB92E2B5751D0008D2691 /* Products */ = {
			isa = PBXGroup;
			children = (
				241CB92D2B5751D0008D2691 /* Grit.app */,
			);
			name = Products;
			sourceTree = "<group>";
		};
		241CB92F2B5751D0008D2691 /* Grit */ = {
			isa = PBXGroup;
			children = (
				247BB62A2C5DB4DF00EFD77F /* Protocols */,
				247BB6222C58DEB600EFD77F /* Services */,
				2495CE8E2BD42BAC00FF34DC /* Constants */,
				249181E02B61C3D40009E089 /* Concepts */,
				2466C0A92B57582600416DB6 /* Core */,
				2482B7822B5F58EF00A35D17 /* Extensions */,
				2462AAA52B792CED00FBF017 /* Models */,
				247BB63C2C63990600EFD77F /* DependencyContainer.swift */,
				241CB9302B5751D0008D2691 /* GritApp.swift */,
				241CB9322B5751D0008D2691 /* ContentView.swift */,
				241CB9342B5751D4008D2691 /* Assets.xcassets */,
				247BB6172C518A5400EFD77F /* GoogleService-Info.plist */,
				241CB9362B5751D4008D2691 /* Preview Content */,
			);
			path = Grit;
			sourceTree = "<group>";
		};
		241CB9362B5751D4008D2691 /* Preview Content */ = {
			isa = PBXGroup;
			children = (
				241CB9372B5751D4008D2691 /* Preview Assets.xcassets */,
			);
			path = "Preview Content";
			sourceTree = "<group>";
		};
		2462AAA52B792CED00FBF017 /* Models */ = {
			isa = PBXGroup;
			children = (
				247B720C2B792D3B0025061C /* WorkoutModel.swift */,
				247B720E2B796D500025061C /* ExerciseModel.swift */,
				247B72102B7970930025061C /* RoutineModel.swift */,
				247B72182B8818380025061C /* UserModel.swift */,
				2495CE882BCC28A600FF34DC /* MuscleGroupModel.swift */,
			);
			path = Models;
			sourceTree = "<group>";
		};
		2466C0A92B57582600416DB6 /* Core */ = {
			isa = PBXGroup;
			children = (
				247BB6372C6394C000EFD77F /* Main */,
				247BB62D2C60FA7E00EFD77F /* Settings */,
				247BB61C2C58DC1600EFD77F /* Authentication */,
				247B721D2B8B9CFC0025061C /* Components */,
				2466C0B02B575B3000416DB6 /* Home */,
				2466C0AF2B575B2A00416DB6 /* Action */,
				2466C0AA2B57586200416DB6 /* Profile */,
			);
			path = Core;
			sourceTree = "<group>";
		};
		2466C0AA2B57586200416DB6 /* Profile */ = {
			isa = PBXGroup;
			children = (
				2495CE7E2BCB456C00FF34DC /* ProfileHeader */,
				2495CE832BCB486500FF34DC /* ProfileView */,
			);
			path = Profile;
			sourceTree = "<group>";
		};
		2466C0AF2B575B2A00416DB6 /* Action */ = {
			isa = PBXGroup;
			children = (
				247B72162B8817CA0025061C /* ActionView */,
			);
			path = Action;
			sourceTree = "<group>";
		};
		2466C0B02B575B3000416DB6 /* Home */ = {
			isa = PBXGroup;
			children = (
				247B72152B8817BB0025061C /* HomeView */,
			);
			path = Home;
			sourceTree = "<group>";
		};
		247B72152B8817BB0025061C /* HomeView */ = {
			isa = PBXGroup;
			children = (
				2466C0B92B575B9C00416DB6 /* HomeView.swift */,
			);
			path = HomeView;
			sourceTree = "<group>";
		};
		247B72162B8817CA0025061C /* ActionView */ = {
			isa = PBXGroup;
			children = (
				2466C0B62B575B8600416DB6 /* ActionView.swift */,
			);
			path = ActionView;
			sourceTree = "<group>";
		};
		247B721D2B8B9CFC0025061C /* Components */ = {
			isa = PBXGroup;
			children = (
				2495CE952BFD858800FF34DC /* Exercise */,
				2495CE8B2BCC2BCF00FF34DC /* Tags */,
				2495CE852BCB4EEE00FF34DC /* Workout */,
			);
			path = Components;
			sourceTree = "<group>";
		};
		247BB6192C518ABB00EFD77F /* Frameworks */ = {
			isa = PBXGroup;
			children = (
			);
			name = Frameworks;
			sourceTree = "<group>";
		};
		247BB61C2C58DC1600EFD77F /* Authentication */ = {
			isa = PBXGroup;
			children = (
				247BB6322C624A5F00EFD77F /* ForgotPassword */,
				247BB6252C5BB47200EFD77F /* SignUp */,
				247BB61D2C58DC2600EFD77F /* Login */,
			);
			path = Authentication;
			sourceTree = "<group>";
		};
		247BB61D2C58DC2600EFD77F /* Login */ = {
			isa = PBXGroup;
			children = (
				247BB61E2C58DC3B00EFD77F /* LoginView.swift */,
				247BB6202C58DE4C00EFD77F /* LoginViewModel.swift */,
			);
			path = Login;
			sourceTree = "<group>";
		};
		247BB6222C58DEB600EFD77F /* Services */ = {
			isa = PBXGroup;
			children = (
				247BB6232C58DEC600EFD77F /* AuthenticationService.swift */,
				247BB6402C6E2E2900EFD77F /* UserService.swift */,
			);
			path = Services;
			sourceTree = "<group>";
		};
		247BB6252C5BB47200EFD77F /* SignUp */ = {
			isa = PBXGroup;
			children = (
				247BB6262C5BB49000EFD77F /* SignUpViewModel.swift */,
				247BB6282C5BB4AD00EFD77F /* SignUpView.swift */,
			);
			path = SignUp;
			sourceTree = "<group>";
		};
		247BB62A2C5DB4DF00EFD77F /* Protocols */ = {
			isa = PBXGroup;
			children = (
				247BB62B2C5DB4F500EFD77F /* AuthenticationServiceProtocol.swift */,
				247BB63E2C6E2DF900EFD77F /* UserServiceProtocol.swift */,
			);
			path = Protocols;
			sourceTree = "<group>";
		};
		247BB62D2C60FA7E00EFD77F /* Settings */ = {
			isa = PBXGroup;
			children = (
				247BB62E2C60FA8E00EFD77F /* SettingsViewModel.swift */,
				247BB6302C60FA9A00EFD77F /* SettingsView.swift */,
			);
			path = Settings;
			sourceTree = "<group>";
		};
		247BB6322C624A5F00EFD77F /* ForgotPassword */ = {
			isa = PBXGroup;
			children = (
				247BB6332C624A7200EFD77F /* ForgotPasswordView.swift */,
				247BB6352C624A7E00EFD77F /* ForgotPasswordViewModel.swift */,
			);
			path = ForgotPassword;
			sourceTree = "<group>";
		};
		247BB6372C6394C000EFD77F /* Main */ = {
			isa = PBXGroup;
			children = (
				247BB6382C6394D100EFD77F /* MainViewModel.swift */,
				247BB63A2C6394F400EFD77F /* MainView.swift */,
			);
			path = Main;
			sourceTree = "<group>";
		};
		2482B7822B5F58EF00A35D17 /* Extensions */ = {
			isa = PBXGroup;
			children = (
				2482B7832B5F590D00A35D17 /* Color.swift */,
				24C234862B93923900B2B092 /* PreviewProvider.swift */,
			);
			path = Extensions;
			sourceTree = "<group>";
		};
		249181E02B61C3D40009E089 /* Concepts */ = {
			isa = PBXGroup;
			children = (
				249181E52B6343EB0009E089 /* Components */,
				249181E32B61C3FF0009E089 /* ColorPaletteView.swift */,
			);
			path = Concepts;
			sourceTree = "<group>";
		};
		249181E52B6343EB0009E089 /* Components */ = {
			isa = PBXGroup;
			children = (
				249181E62B6344050009E089 /* PaletteCardView.swift */,
				249181E82B63446A0009E089 /* MainColorView.swift */,
				249181EA2B65972A0009E089 /* AlertColorView.swift */,
				24C017012B6737C300945665 /* BackgroundColorView.swift */,
			);
			path = Components;
			sourceTree = "<group>";
		};
		2495CE7E2BCB456C00FF34DC /* ProfileHeader */ = {
			isa = PBXGroup;
			children = (
				242B04CE2C80A3DA00B25166 /* ProfileHeaderSheetViewModel.swift */,
				246AA2792C7264160022F72E /* ProfileHeaderViewModel.swift */,
				242B04CC2C80A3C800B25166 /* ProfileHeaderSheetView.swift */,
				2495CE812BCB45AA00FF34DC /* ProfileHeaderView.swift */,
			);
			path = ProfileHeader;
			sourceTree = "<group>";
		};
		2495CE832BCB486500FF34DC /* ProfileView */ = {
			isa = PBXGroup;
			children = (
				2466C0B42B575B7700416DB6 /* ProfileView.swift */,
				24C234882BA2843000B2B092 /* ProfileViewModel.swift */,
			);
			path = ProfileView;
			sourceTree = "<group>";
		};
		2495CE852BCB4EEE00FF34DC /* Workout */ = {
			isa = PBXGroup;
			children = (
				2495CE862BCB4F0E00FF34DC /* WorkoutCardView.swift */,
				2495CE932BE0667500FF34DC /* WorkoutView.swift */,
			);
			path = Workout;
			sourceTree = "<group>";
		};
		2495CE8B2BCC2BCF00FF34DC /* Tags */ = {
			isa = PBXGroup;
			children = (
				2495CE8C2BCC2BDD00FF34DC /* TagView.swift */,
			);
			path = Tags;
			sourceTree = "<group>";
		};
		2495CE8E2BD42BAC00FF34DC /* Constants */ = {
			isa = PBXGroup;
			children = (
				2495CE8F2BD42BD800FF34DC /* DesignConstants.swift */,
			);
			path = Constants;
			sourceTree = "<group>";
		};
		2495CE952BFD858800FF34DC /* Exercise */ = {
			isa = PBXGroup;
			children = (
				2495CE962BFD85AA00FF34DC /* ExerciseCellView.swift */,
			);
			path = Exercise;
			sourceTree = "<group>";
		};
/* End PBXGroup section */

/* Begin PBXNativeTarget section */
		241CB92C2B5751D0008D2691 /* Grit */ = {
			isa = PBXNativeTarget;
			buildConfigurationList = 241CB93B2B5751D4008D2691 /* Build configuration list for PBXNativeTarget "Grit" */;
			buildPhases = (
				241CB9292B5751D0008D2691 /* Sources */,
				241CB92A2B5751D0008D2691 /* Frameworks */,
				241CB92B2B5751D0008D2691 /* Resources */,
			);
			buildRules = (
			);
			dependencies = (
			);
			name = Grit;
			packageProductDependencies = (
				247BB5E32C445CD500EFD77F /* FirebaseAnalyticsSwift */,
				247BB5E72C445CD500EFD77F /* FirebaseAppCheck */,
				247BB5EB2C445CD500EFD77F /* FirebaseAuth */,
				247BB5F72C445CD500EFD77F /* FirebaseFirestore */,
				247BB5FB2C445CD500EFD77F /* FirebaseFirestoreSwift */,
				247BB6112C445CD500EFD77F /* FirebaseStorage */,
				247BB61A2C518ABB00EFD77F /* FirebaseAnalytics */,
			);
			productName = Grit;
			productReference = 241CB92D2B5751D0008D2691 /* Grit.app */;
			productType = "com.apple.product-type.application";
		};
/* End PBXNativeTarget section */

/* Begin PBXProject section */
		241CB9252B5751D0008D2691 /* Project object */ = {
			isa = PBXProject;
			attributes = {
				BuildIndependentTargetsInParallel = 1;
				LastSwiftUpdateCheck = 1420;
				LastUpgradeCheck = 1420;
				TargetAttributes = {
					241CB92C2B5751D0008D2691 = {
						CreatedOnToolsVersion = 14.2;
					};
				};
			};
			buildConfigurationList = 241CB9282B5751D0008D2691 /* Build configuration list for PBXProject "Grit" */;
			compatibilityVersion = "Xcode 14.0";
			developmentRegion = en;
			hasScannedForEncodings = 0;
			knownRegions = (
				en,
				Base,
			);
			mainGroup = 241CB9242B5751D0008D2691;
			packageReferences = (
				247BB5DE2C445CD500EFD77F /* XCRemoteSwiftPackageReference "firebase-ios-sdk" */,
			);
			productRefGroup = 241CB92E2B5751D0008D2691 /* Products */;
			projectDirPath = "";
			projectRoot = "";
			targets = (
				241CB92C2B5751D0008D2691 /* Grit */,
			);
		};
/* End PBXProject section */

/* Begin PBXResourcesBuildPhase section */
		241CB92B2B5751D0008D2691 /* Resources */ = {
			isa = PBXResourcesBuildPhase;
			buildActionMask = 2147483647;
			files = (
				241CB9382B5751D4008D2691 /* Preview Assets.xcassets in Resources */,
				241CB9352B5751D4008D2691 /* Assets.xcassets in Resources */,
				247BB6182C518A5400EFD77F /* GoogleService-Info.plist in Resources */,
			);
			runOnlyForDeploymentPostprocessing = 0;
		};
/* End PBXResourcesBuildPhase section */

/* Begin PBXSourcesBuildPhase section */
		241CB9292B5751D0008D2691 /* Sources */ = {
			isa = PBXSourcesBuildPhase;
			buildActionMask = 2147483647;
			files = (
				247BB6392C6394D100EFD77F /* MainViewModel.swift in Sources */,
				247BB63B2C6394F400EFD77F /* MainView.swift in Sources */,
				2466C0B72B575B8600416DB6 /* ActionView.swift in Sources */,
				247BB6342C624A7200EFD77F /* ForgotPasswordView.swift in Sources */,
				247BB62C2C5DB4F500EFD77F /* AuthenticationServiceProtocol.swift in Sources */,
				246AA27A2C7264160022F72E /* ProfileHeaderViewModel.swift in Sources */,
				247B720D2B792D3B0025061C /* WorkoutModel.swift in Sources */,
				249181EB2B65972A0009E089 /* AlertColorView.swift in Sources */,
				242B04CD2C80A3C800B25166 /* ProfileHeaderSheetView.swift in Sources */,
				241CB9332B5751D0008D2691 /* ContentView.swift in Sources */,
				247B72112B7970930025061C /* RoutineModel.swift in Sources */,
				249181E42B61C3FF0009E089 /* ColorPaletteView.swift in Sources */,
				247BB6272C5BB49000EFD77F /* SignUpViewModel.swift in Sources */,
				247B720F2B796D500025061C /* ExerciseModel.swift in Sources */,
				2495CE902BD42BD800FF34DC /* DesignConstants.swift in Sources */,
				247BB63D2C63990600EFD77F /* DependencyContainer.swift in Sources */,
				247BB6212C58DE4C00EFD77F /* LoginViewModel.swift in Sources */,
				247BB6362C624A7E00EFD77F /* ForgotPasswordViewModel.swift in Sources */,
				249181E92B63446A0009E089 /* MainColorView.swift in Sources */,
				2466C0B52B575B7700416DB6 /* ProfileView.swift in Sources */,
				247BB63F2C6E2DF900EFD77F /* UserServiceProtocol.swift in Sources */,
				249181E72B6344050009E089 /* PaletteCardView.swift in Sources */,
				247BB6242C58DEC600EFD77F /* AuthenticationService.swift in Sources */,
				2466C0BA2B575B9C00416DB6 /* HomeView.swift in Sources */,
				2495CE8D2BCC2BDD00FF34DC /* TagView.swift in Sources */,
				247BB61F2C58DC3B00EFD77F /* LoginView.swift in Sources */,
				247BB62F2C60FA8E00EFD77F /* SettingsViewModel.swift in Sources */,
				2495CE872BCB4F0E00FF34DC /* WorkoutCardView.swift in Sources */,
				241CB9312B5751D0008D2691 /* GritApp.swift in Sources */,
				24C234892BA2843000B2B092 /* ProfileViewModel.swift in Sources */,
				2495CE822BCB45AA00FF34DC /* ProfileHeaderView.swift in Sources */,
				242B04CF2C80A3DA00B25166 /* ProfileHeaderSheetViewModel.swift in Sources */,
				24C017022B6737C300945665 /* BackgroundColorView.swift in Sources */,
				2495CE942BE0667500FF34DC /* WorkoutView.swift in Sources */,
				247BB6312C60FA9A00EFD77F /* SettingsView.swift in Sources */,
				247BB6412C6E2E2900EFD77F /* UserService.swift in Sources */,
				2495CE892BCC28A600FF34DC /* MuscleGroupModel.swift in Sources */,
				2495CE972BFD85AA00FF34DC /* ExerciseCellView.swift in Sources */,
				247B72192B8818380025061C /* UserModel.swift in Sources */,
				247BB6292C5BB4AD00EFD77F /* SignUpView.swift in Sources */,
				2482B7842B5F590D00A35D17 /* Color.swift in Sources */,
				24C234872B93923900B2B092 /* PreviewProvider.swift in Sources */,
			);
			runOnlyForDeploymentPostprocessing = 0;
		};
/* End PBXSourcesBuildPhase section */

/* Begin XCBuildConfiguration section */
		241CB9392B5751D4008D2691 /* Debug */ = {
			isa = XCBuildConfiguration;
			buildSettings = {
				ALWAYS_SEARCH_USER_PATHS = NO;
				CLANG_ANALYZER_NONNULL = YES;
				CLANG_ANALYZER_NUMBER_OBJECT_CONVERSION = YES_AGGRESSIVE;
				CLANG_CXX_LANGUAGE_STANDARD = "gnu++20";
				CLANG_ENABLE_MODULES = YES;
				CLANG_ENABLE_OBJC_ARC = YES;
				CLANG_ENABLE_OBJC_WEAK = YES;
				CLANG_WARN_BLOCK_CAPTURE_AUTORELEASING = YES;
				CLANG_WARN_BOOL_CONVERSION = YES;
				CLANG_WARN_COMMA = YES;
				CLANG_WARN_CONSTANT_CONVERSION = YES;
				CLANG_WARN_DEPRECATED_OBJC_IMPLEMENTATIONS = YES;
				CLANG_WARN_DIRECT_OBJC_ISA_USAGE = YES_ERROR;
				CLANG_WARN_DOCUMENTATION_COMMENTS = YES;
				CLANG_WARN_EMPTY_BODY = YES;
				CLANG_WARN_ENUM_CONVERSION = YES;
				CLANG_WARN_INFINITE_RECURSION = YES;
				CLANG_WARN_INT_CONVERSION = YES;
				CLANG_WARN_NON_LITERAL_NULL_CONVERSION = YES;
				CLANG_WARN_OBJC_IMPLICIT_RETAIN_SELF = YES;
				CLANG_WARN_OBJC_LITERAL_CONVERSION = YES;
				CLANG_WARN_OBJC_ROOT_CLASS = YES_ERROR;
				CLANG_WARN_QUOTED_INCLUDE_IN_FRAMEWORK_HEADER = YES;
				CLANG_WARN_RANGE_LOOP_ANALYSIS = YES;
				CLANG_WARN_STRICT_PROTOTYPES = YES;
				CLANG_WARN_SUSPICIOUS_MOVE = YES;
				CLANG_WARN_UNGUARDED_AVAILABILITY = YES_AGGRESSIVE;
				CLANG_WARN_UNREACHABLE_CODE = YES;
				CLANG_WARN__DUPLICATE_METHOD_MATCH = YES;
				COPY_PHASE_STRIP = NO;
				DEBUG_INFORMATION_FORMAT = dwarf;
				ENABLE_STRICT_OBJC_MSGSEND = YES;
				ENABLE_TESTABILITY = YES;
				GCC_C_LANGUAGE_STANDARD = gnu11;
				GCC_DYNAMIC_NO_PIC = NO;
				GCC_NO_COMMON_BLOCKS = YES;
				GCC_OPTIMIZATION_LEVEL = 0;
				GCC_PREPROCESSOR_DEFINITIONS = (
					"DEBUG=1",
					"$(inherited)",
				);
				GCC_WARN_64_TO_32_BIT_CONVERSION = YES;
				GCC_WARN_ABOUT_RETURN_TYPE = YES_ERROR;
				GCC_WARN_UNDECLARED_SELECTOR = YES;
				GCC_WARN_UNINITIALIZED_AUTOS = YES_AGGRESSIVE;
				GCC_WARN_UNUSED_FUNCTION = YES;
				GCC_WARN_UNUSED_VARIABLE = YES;
				IPHONEOS_DEPLOYMENT_TARGET = 16.2;
				MTL_ENABLE_DEBUG_INFO = INCLUDE_SOURCE;
				MTL_FAST_MATH = YES;
				ONLY_ACTIVE_ARCH = YES;
				SDKROOT = iphoneos;
				SWIFT_ACTIVE_COMPILATION_CONDITIONS = DEBUG;
				SWIFT_OPTIMIZATION_LEVEL = "-Onone";
			};
			name = Debug;
		};
		241CB93A2B5751D4008D2691 /* Release */ = {
			isa = XCBuildConfiguration;
			buildSettings = {
				ALWAYS_SEARCH_USER_PATHS = NO;
				CLANG_ANALYZER_NONNULL = YES;
				CLANG_ANALYZER_NUMBER_OBJECT_CONVERSION = YES_AGGRESSIVE;
				CLANG_CXX_LANGUAGE_STANDARD = "gnu++20";
				CLANG_ENABLE_MODULES = YES;
				CLANG_ENABLE_OBJC_ARC = YES;
				CLANG_ENABLE_OBJC_WEAK = YES;
				CLANG_WARN_BLOCK_CAPTURE_AUTORELEASING = YES;
				CLANG_WARN_BOOL_CONVERSION = YES;
				CLANG_WARN_COMMA = YES;
				CLANG_WARN_CONSTANT_CONVERSION = YES;
				CLANG_WARN_DEPRECATED_OBJC_IMPLEMENTATIONS = YES;
				CLANG_WARN_DIRECT_OBJC_ISA_USAGE = YES_ERROR;
				CLANG_WARN_DOCUMENTATION_COMMENTS = YES;
				CLANG_WARN_EMPTY_BODY = YES;
				CLANG_WARN_ENUM_CONVERSION = YES;
				CLANG_WARN_INFINITE_RECURSION = YES;
				CLANG_WARN_INT_CONVERSION = YES;
				CLANG_WARN_NON_LITERAL_NULL_CONVERSION = YES;
				CLANG_WARN_OBJC_IMPLICIT_RETAIN_SELF = YES;
				CLANG_WARN_OBJC_LITERAL_CONVERSION = YES;
				CLANG_WARN_OBJC_ROOT_CLASS = YES_ERROR;
				CLANG_WARN_QUOTED_INCLUDE_IN_FRAMEWORK_HEADER = YES;
				CLANG_WARN_RANGE_LOOP_ANALYSIS = YES;
				CLANG_WARN_STRICT_PROTOTYPES = YES;
				CLANG_WARN_SUSPICIOUS_MOVE = YES;
				CLANG_WARN_UNGUARDED_AVAILABILITY = YES_AGGRESSIVE;
				CLANG_WARN_UNREACHABLE_CODE = YES;
				CLANG_WARN__DUPLICATE_METHOD_MATCH = YES;
				COPY_PHASE_STRIP = NO;
				DEBUG_INFORMATION_FORMAT = "dwarf-with-dsym";
				ENABLE_NS_ASSERTIONS = NO;
				ENABLE_STRICT_OBJC_MSGSEND = YES;
				GCC_C_LANGUAGE_STANDARD = gnu11;
				GCC_NO_COMMON_BLOCKS = YES;
				GCC_WARN_64_TO_32_BIT_CONVERSION = YES;
				GCC_WARN_ABOUT_RETURN_TYPE = YES_ERROR;
				GCC_WARN_UNDECLARED_SELECTOR = YES;
				GCC_WARN_UNINITIALIZED_AUTOS = YES_AGGRESSIVE;
				GCC_WARN_UNUSED_FUNCTION = YES;
				GCC_WARN_UNUSED_VARIABLE = YES;
				IPHONEOS_DEPLOYMENT_TARGET = 16.2;
				MTL_ENABLE_DEBUG_INFO = NO;
				MTL_FAST_MATH = YES;
				SDKROOT = iphoneos;
				SWIFT_COMPILATION_MODE = wholemodule;
				SWIFT_OPTIMIZATION_LEVEL = "-O";
				VALIDATE_PRODUCT = YES;
			};
			name = Release;
		};
		241CB93C2B5751D4008D2691 /* Debug */ = {
			isa = XCBuildConfiguration;
			buildSettings = {
				ASSETCATALOG_COMPILER_APPICON_NAME = AppIcon;
				ASSETCATALOG_COMPILER_GLOBAL_ACCENT_COLOR_NAME = AccentColor;
				CODE_SIGN_STYLE = Automatic;
				CURRENT_PROJECT_VERSION = 1;
				DEVELOPMENT_ASSET_PATHS = "\"Grit/Preview Content\"";
				ENABLE_PREVIEWS = YES;
				GENERATE_INFOPLIST_FILE = YES;
				INFOPLIST_KEY_CFBundleDisplayName = Grit;
				INFOPLIST_KEY_LSApplicationCategoryType = "public.app-category.healthcare-fitness";
				INFOPLIST_KEY_UIApplicationSceneManifest_Generation = YES;
				INFOPLIST_KEY_UIApplicationSupportsIndirectInputEvents = YES;
				INFOPLIST_KEY_UILaunchScreen_Generation = YES;
				INFOPLIST_KEY_UISupportedInterfaceOrientations = UIInterfaceOrientationPortrait;
				INFOPLIST_KEY_UISupportedInterfaceOrientations_iPad = "UIInterfaceOrientationLandscapeLeft UIInterfaceOrientationLandscapeRight UIInterfaceOrientationPortrait UIInterfaceOrientationPortraitUpsideDown";
				IPHONEOS_DEPLOYMENT_TARGET = 17.0;
				LD_RUNPATH_SEARCH_PATHS = (
					"$(inherited)",
					"@executable_path/Frameworks",
				);
				MARKETING_VERSION = 1.0;
				PRODUCT_BUNDLE_IDENTIFIER = ios.danielalfonso.Grit;
				PRODUCT_NAME = "$(TARGET_NAME)";
				SWIFT_EMIT_LOC_STRINGS = YES;
				SWIFT_VERSION = 5.0;
				TARGETED_DEVICE_FAMILY = "1,2";
			};
			name = Debug;
		};
		241CB93D2B5751D4008D2691 /* Release */ = {
			isa = XCBuildConfiguration;
			buildSettings = {
				ASSETCATALOG_COMPILER_APPICON_NAME = AppIcon;
				ASSETCATALOG_COMPILER_GLOBAL_ACCENT_COLOR_NAME = AccentColor;
				CODE_SIGN_STYLE = Automatic;
				CURRENT_PROJECT_VERSION = 1;
				DEVELOPMENT_ASSET_PATHS = "\"Grit/Preview Content\"";
				ENABLE_PREVIEWS = YES;
				GENERATE_INFOPLIST_FILE = YES;
				INFOPLIST_KEY_CFBundleDisplayName = Grit;
				INFOPLIST_KEY_LSApplicationCategoryType = "public.app-category.healthcare-fitness";
				INFOPLIST_KEY_UIApplicationSceneManifest_Generation = YES;
				INFOPLIST_KEY_UIApplicationSupportsIndirectInputEvents = YES;
				INFOPLIST_KEY_UILaunchScreen_Generation = YES;
				INFOPLIST_KEY_UISupportedInterfaceOrientations = UIInterfaceOrientationPortrait;
				INFOPLIST_KEY_UISupportedInterfaceOrientations_iPad = "UIInterfaceOrientationLandscapeLeft UIInterfaceOrientationLandscapeRight UIInterfaceOrientationPortrait UIInterfaceOrientationPortraitUpsideDown";
				IPHONEOS_DEPLOYMENT_TARGET = 17.0;
				LD_RUNPATH_SEARCH_PATHS = (
					"$(inherited)",
					"@executable_path/Frameworks",
				);
				MARKETING_VERSION = 1.0;
				PRODUCT_BUNDLE_IDENTIFIER = ios.danielalfonso.Grit;
				PRODUCT_NAME = "$(TARGET_NAME)";
				SWIFT_EMIT_LOC_STRINGS = YES;
				SWIFT_VERSION = 5.0;
				TARGETED_DEVICE_FAMILY = "1,2";
			};
			name = Release;
		};
/* End XCBuildConfiguration section */

/* Begin XCConfigurationList section */
		241CB9282B5751D0008D2691 /* Build configuration list for PBXProject "Grit" */ = {
			isa = XCConfigurationList;
			buildConfigurations = (
				241CB9392B5751D4008D2691 /* Debug */,
				241CB93A2B5751D4008D2691 /* Release */,
			);
			defaultConfigurationIsVisible = 0;
			defaultConfigurationName = Release;
		};
		241CB93B2B5751D4008D2691 /* Build configuration list for PBXNativeTarget "Grit" */ = {
			isa = XCConfigurationList;
			buildConfigurations = (
				241CB93C2B5751D4008D2691 /* Debug */,
				241CB93D2B5751D4008D2691 /* Release */,
			);
			defaultConfigurationIsVisible = 0;
			defaultConfigurationName = Release;
		};
/* End XCConfigurationList section */

/* Begin XCRemoteSwiftPackageReference section */
		247BB5DE2C445CD500EFD77F /* XCRemoteSwiftPackageReference "firebase-ios-sdk" */ = {
			isa = XCRemoteSwiftPackageReference;
			repositoryURL = "https://github.com/firebase/firebase-ios-sdk.git";
			requirement = {
				kind = upToNextMajorVersion;
				minimumVersion = 10.29.0;
			};
		};
/* End XCRemoteSwiftPackageReference section */

/* Begin XCSwiftPackageProductDependency section */
		247BB5E32C445CD500EFD77F /* FirebaseAnalyticsSwift */ = {
			isa = XCSwiftPackageProductDependency;
			package = 247BB5DE2C445CD500EFD77F /* XCRemoteSwiftPackageReference "firebase-ios-sdk" */;
			productName = FirebaseAnalyticsSwift;
		};
		247BB5E72C445CD500EFD77F /* FirebaseAppCheck */ = {
			isa = XCSwiftPackageProductDependency;
			package = 247BB5DE2C445CD500EFD77F /* XCRemoteSwiftPackageReference "firebase-ios-sdk" */;
			productName = FirebaseAppCheck;
		};
		247BB5EB2C445CD500EFD77F /* FirebaseAuth */ = {
			isa = XCSwiftPackageProductDependency;
			package = 247BB5DE2C445CD500EFD77F /* XCRemoteSwiftPackageReference "firebase-ios-sdk" */;
			productName = FirebaseAuth;
		};
		247BB5F72C445CD500EFD77F /* FirebaseFirestore */ = {
			isa = XCSwiftPackageProductDependency;
			package = 247BB5DE2C445CD500EFD77F /* XCRemoteSwiftPackageReference "firebase-ios-sdk" */;
			productName = FirebaseFirestore;
		};
		247BB5FB2C445CD500EFD77F /* FirebaseFirestoreSwift */ = {
			isa = XCSwiftPackageProductDependency;
			package = 247BB5DE2C445CD500EFD77F /* XCRemoteSwiftPackageReference "firebase-ios-sdk" */;
			productName = FirebaseFirestoreSwift;
		};
		247BB6112C445CD500EFD77F /* FirebaseStorage */ = {
			isa = XCSwiftPackageProductDependency;
			package = 247BB5DE2C445CD500EFD77F /* XCRemoteSwiftPackageReference "firebase-ios-sdk" */;
			productName = FirebaseStorage;
		};
		247BB61A2C518ABB00EFD77F /* FirebaseAnalytics */ = {
			isa = XCSwiftPackageProductDependency;
			package = 247BB5DE2C445CD500EFD77F /* XCRemoteSwiftPackageReference "firebase-ios-sdk" */;
			productName = FirebaseAnalytics;
		};
/* End XCSwiftPackageProductDependency section */
	};
	rootObject = 241CB9252B5751D0008D2691 /* Project object */;
}
