// !$*UTF8*$!
{
	archiveVersion = 1;
	classes = {
	};
	objectVersion = 56;
	objects = {

/* Begin PBXBuildFile section */
		241CB9312B5751D0008D2691 /* GritApp.swift in Sources */ = {isa = PBXBuildFile; fileRef = 241CB9302B5751D0008D2691 /* GritApp.swift */; };
		241CB9332B5751D0008D2691 /* ContentView.swift in Sources */ = {isa = PBXBuildFile; fileRef = 241CB9322B5751D0008D2691 /* ContentView.swift */; };
		241CB9352B5751D4008D2691 /* Assets.xcassets in Resources */ = {isa = PBXBuildFile; fileRef = 241CB9342B5751D4008D2691 /* Assets.xcassets */; };
		241CB9382B5751D4008D2691 /* Preview Assets.xcassets in Resources */ = {isa = PBXBuildFile; fileRef = 241CB9372B5751D4008D2691 /* Preview Assets.xcassets */; };
		2466C0B52B575B7700416DB6 /* ProfileView.swift in Sources */ = {isa = PBXBuildFile; fileRef = 2466C0B42B575B7700416DB6 /* ProfileView.swift */; };
		2466C0B72B575B8600416DB6 /* ActionView.swift in Sources */ = {isa = PBXBuildFile; fileRef = 2466C0B62B575B8600416DB6 /* ActionView.swift */; };
		2466C0BA2B575B9C00416DB6 /* HomeView.swift in Sources */ = {isa = PBXBuildFile; fileRef = 2466C0B92B575B9C00416DB6 /* HomeView.swift */; };
		247B720D2B792D3B0025061C /* WorkoutModel.swift in Sources */ = {isa = PBXBuildFile; fileRef = 247B720C2B792D3B0025061C /* WorkoutModel.swift */; };
		247B720F2B796D500025061C /* ExerciseModel.swift in Sources */ = {isa = PBXBuildFile; fileRef = 247B720E2B796D500025061C /* ExerciseModel.swift */; };
		247B72112B7970930025061C /* RoutineModel.swift in Sources */ = {isa = PBXBuildFile; fileRef = 247B72102B7970930025061C /* RoutineModel.swift */; };
		247B72192B8818380025061C /* UserModel.swift in Sources */ = {isa = PBXBuildFile; fileRef = 247B72182B8818380025061C /* UserModel.swift */; };
		247B721C2B8981780025061C /* ProfileNavbarView.swift in Sources */ = {isa = PBXBuildFile; fileRef = 247B721B2B8981780025061C /* ProfileNavbarView.swift */; };
		2482B7842B5F590D00A35D17 /* Color.swift in Sources */ = {isa = PBXBuildFile; fileRef = 2482B7832B5F590D00A35D17 /* Color.swift */; };
		249181E42B61C3FF0009E089 /* ColorPaletteView.swift in Sources */ = {isa = PBXBuildFile; fileRef = 249181E32B61C3FF0009E089 /* ColorPaletteView.swift */; };
		249181E72B6344050009E089 /* PaletteCardView.swift in Sources */ = {isa = PBXBuildFile; fileRef = 249181E62B6344050009E089 /* PaletteCardView.swift */; };
		249181E92B63446A0009E089 /* MainColorView.swift in Sources */ = {isa = PBXBuildFile; fileRef = 249181E82B63446A0009E089 /* MainColorView.swift */; };
		249181EB2B65972A0009E089 /* AlertColorView.swift in Sources */ = {isa = PBXBuildFile; fileRef = 249181EA2B65972A0009E089 /* AlertColorView.swift */; };
		24C017022B6737C300945665 /* BackgroundColorView.swift in Sources */ = {isa = PBXBuildFile; fileRef = 24C017012B6737C300945665 /* BackgroundColorView.swift */; };
		24C234802B8B9DC000B2B092 /* CardView.swift in Sources */ = {isa = PBXBuildFile; fileRef = 24C2347F2B8B9DC000B2B092 /* CardView.swift */; };
		24C234832B8C138C00B2B092 /* ProfileHeaderView.swift in Sources */ = {isa = PBXBuildFile; fileRef = 24C234822B8C138C00B2B092 /* ProfileHeaderView.swift */; };
		24C234872B93923900B2B092 /* PreviewProvider.swift in Sources */ = {isa = PBXBuildFile; fileRef = 24C234862B93923900B2B092 /* PreviewProvider.swift */; };
		24C234892BA2843000B2B092 /* ProfileViewModel.swift in Sources */ = {isa = PBXBuildFile; fileRef = 24C234882BA2843000B2B092 /* ProfileViewModel.swift */; };
/* End PBXBuildFile section */

/* Begin PBXFileReference section */
		241CB92D2B5751D0008D2691 /* Grit.app */ = {isa = PBXFileReference; explicitFileType = wrapper.application; includeInIndex = 0; path = Grit.app; sourceTree = BUILT_PRODUCTS_DIR; };
		241CB9302B5751D0008D2691 /* GritApp.swift */ = {isa = PBXFileReference; lastKnownFileType = sourcecode.swift; path = GritApp.swift; sourceTree = "<group>"; };
		241CB9322B5751D0008D2691 /* ContentView.swift */ = {isa = PBXFileReference; lastKnownFileType = sourcecode.swift; path = ContentView.swift; sourceTree = "<group>"; };
		241CB9342B5751D4008D2691 /* Assets.xcassets */ = {isa = PBXFileReference; lastKnownFileType = folder.assetcatalog; path = Assets.xcassets; sourceTree = "<group>"; };
		241CB9372B5751D4008D2691 /* Preview Assets.xcassets */ = {isa = PBXFileReference; lastKnownFileType = folder.assetcatalog; path = "Preview Assets.xcassets"; sourceTree = "<group>"; };
		2466C0B42B575B7700416DB6 /* ProfileView.swift */ = {isa = PBXFileReference; lastKnownFileType = sourcecode.swift; path = ProfileView.swift; sourceTree = "<group>"; };
		2466C0B62B575B8600416DB6 /* ActionView.swift */ = {isa = PBXFileReference; lastKnownFileType = sourcecode.swift; path = ActionView.swift; sourceTree = "<group>"; };
		2466C0B92B575B9C00416DB6 /* HomeView.swift */ = {isa = PBXFileReference; lastKnownFileType = sourcecode.swift; path = HomeView.swift; sourceTree = "<group>"; };
		247B720C2B792D3B0025061C /* WorkoutModel.swift */ = {isa = PBXFileReference; lastKnownFileType = sourcecode.swift; path = WorkoutModel.swift; sourceTree = "<group>"; };
		247B720E2B796D500025061C /* ExerciseModel.swift */ = {isa = PBXFileReference; lastKnownFileType = sourcecode.swift; path = ExerciseModel.swift; sourceTree = "<group>"; };
		247B72102B7970930025061C /* RoutineModel.swift */ = {isa = PBXFileReference; lastKnownFileType = sourcecode.swift; path = RoutineModel.swift; sourceTree = "<group>"; };
		247B72182B8818380025061C /* UserModel.swift */ = {isa = PBXFileReference; lastKnownFileType = sourcecode.swift; path = UserModel.swift; sourceTree = "<group>"; };
		247B721B2B8981780025061C /* ProfileNavbarView.swift */ = {isa = PBXFileReference; lastKnownFileType = sourcecode.swift; path = ProfileNavbarView.swift; sourceTree = "<group>"; };
		2482B7832B5F590D00A35D17 /* Color.swift */ = {isa = PBXFileReference; lastKnownFileType = sourcecode.swift; path = Color.swift; sourceTree = "<group>"; };
		249181E32B61C3FF0009E089 /* ColorPaletteView.swift */ = {isa = PBXFileReference; lastKnownFileType = sourcecode.swift; path = ColorPaletteView.swift; sourceTree = "<group>"; };
		249181E62B6344050009E089 /* PaletteCardView.swift */ = {isa = PBXFileReference; lastKnownFileType = sourcecode.swift; path = PaletteCardView.swift; sourceTree = "<group>"; };
		249181E82B63446A0009E089 /* MainColorView.swift */ = {isa = PBXFileReference; lastKnownFileType = sourcecode.swift; path = MainColorView.swift; sourceTree = "<group>"; };
		249181EA2B65972A0009E089 /* AlertColorView.swift */ = {isa = PBXFileReference; lastKnownFileType = sourcecode.swift; path = AlertColorView.swift; sourceTree = "<group>"; };
		24C017012B6737C300945665 /* BackgroundColorView.swift */ = {isa = PBXFileReference; lastKnownFileType = sourcecode.swift; path = BackgroundColorView.swift; sourceTree = "<group>"; };
		24C2347F2B8B9DC000B2B092 /* CardView.swift */ = {isa = PBXFileReference; lastKnownFileType = sourcecode.swift; path = CardView.swift; sourceTree = "<group>"; };
		24C234822B8C138C00B2B092 /* ProfileHeaderView.swift */ = {isa = PBXFileReference; lastKnownFileType = sourcecode.swift; path = ProfileHeaderView.swift; sourceTree = "<group>"; };
		24C234862B93923900B2B092 /* PreviewProvider.swift */ = {isa = PBXFileReference; lastKnownFileType = sourcecode.swift; path = PreviewProvider.swift; sourceTree = "<group>"; };
		24C234882BA2843000B2B092 /* ProfileViewModel.swift */ = {isa = PBXFileReference; lastKnownFileType = sourcecode.swift; path = ProfileViewModel.swift; sourceTree = "<group>"; };
/* End PBXFileReference section */

/* Begin PBXFrameworksBuildPhase section */
		241CB92A2B5751D0008D2691 /* Frameworks */ = {
			isa = PBXFrameworksBuildPhase;
			buildActionMask = 2147483647;
			files = (
			);
			runOnlyForDeploymentPostprocessing = 0;
		};
/* End PBXFrameworksBuildPhase section */

/* Begin PBXGroup section */
		241CB9242B5751D0008D2691 = {
			isa = PBXGroup;
			children = (
				241CB92F2B5751D0008D2691 /* Grit */,
				241CB92E2B5751D0008D2691 /* Products */,
			);
			sourceTree = "<group>";
		};
		241CB92E2B5751D0008D2691 /* Products */ = {
			isa = PBXGroup;
			children = (
				241CB92D2B5751D0008D2691 /* Grit.app */,
			);
			name = Products;
			sourceTree = "<group>";
		};
		241CB92F2B5751D0008D2691 /* Grit */ = {
			isa = PBXGroup;
			children = (
				249181E02B61C3D40009E089 /* Concepts */,
				2466C0A92B57582600416DB6 /* Core */,
				2482B7822B5F58EF00A35D17 /* Extensions */,
				2462AAA52B792CED00FBF017 /* Models */,
				241CB9302B5751D0008D2691 /* GritApp.swift */,
				241CB9322B5751D0008D2691 /* ContentView.swift */,
				241CB9342B5751D4008D2691 /* Assets.xcassets */,
				241CB9362B5751D4008D2691 /* Preview Content */,
			);
			path = Grit;
			sourceTree = "<group>";
		};
		241CB9362B5751D4008D2691 /* Preview Content */ = {
			isa = PBXGroup;
			children = (
				241CB9372B5751D4008D2691 /* Preview Assets.xcassets */,
			);
			path = "Preview Content";
			sourceTree = "<group>";
		};
		2462AAA52B792CED00FBF017 /* Models */ = {
			isa = PBXGroup;
			children = (
				247B720C2B792D3B0025061C /* WorkoutModel.swift */,
				247B720E2B796D500025061C /* ExerciseModel.swift */,
				247B72102B7970930025061C /* RoutineModel.swift */,
				247B72182B8818380025061C /* UserModel.swift */,
			);
			path = Models;
			sourceTree = "<group>";
		};
		2466C0A92B57582600416DB6 /* Core */ = {
			isa = PBXGroup;
			children = (
				247B721D2B8B9CFC0025061C /* Components */,
				2466C0B02B575B3000416DB6 /* Home */,
				2466C0AF2B575B2A00416DB6 /* Action */,
				2466C0AA2B57586200416DB6 /* Profile */,
			);
			path = Core;
			sourceTree = "<group>";
		};
		2466C0AA2B57586200416DB6 /* Profile */ = {
			isa = PBXGroup;
			children = (
				24C234812B8C137300B2B092 /* ProfileHeaderView */,
				247B721A2B89815D0025061C /* ProfileNavbarView */,
				247B72172B8817D90025061C /* ProfileView */,
			);
			path = Profile;
			sourceTree = "<group>";
		};
		2466C0AF2B575B2A00416DB6 /* Action */ = {
			isa = PBXGroup;
			children = (
				247B72162B8817CA0025061C /* ActionView */,
			);
			path = Action;
			sourceTree = "<group>";
		};
		2466C0B02B575B3000416DB6 /* Home */ = {
			isa = PBXGroup;
			children = (
				247B72152B8817BB0025061C /* HomeView */,
			);
			path = Home;
			sourceTree = "<group>";
		};
		247B72152B8817BB0025061C /* HomeView */ = {
			isa = PBXGroup;
			children = (
				2466C0B92B575B9C00416DB6 /* HomeView.swift */,
			);
			path = HomeView;
			sourceTree = "<group>";
		};
		247B72162B8817CA0025061C /* ActionView */ = {
			isa = PBXGroup;
			children = (
				2466C0B62B575B8600416DB6 /* ActionView.swift */,
			);
			path = ActionView;
			sourceTree = "<group>";
		};
		247B72172B8817D90025061C /* ProfileView */ = {
			isa = PBXGroup;
			children = (
				2466C0B42B575B7700416DB6 /* ProfileView.swift */,
				24C234882BA2843000B2B092 /* ProfileViewModel.swift */,
			);
			path = ProfileView;
			sourceTree = "<group>";
		};
		247B721A2B89815D0025061C /* ProfileNavbarView */ = {
			isa = PBXGroup;
			children = (
				247B721B2B8981780025061C /* ProfileNavbarView.swift */,
			);
			path = ProfileNavbarView;
			sourceTree = "<group>";
		};
		247B721D2B8B9CFC0025061C /* Components */ = {
			isa = PBXGroup;
			children = (
				247B721F2B8B9D120025061C /* Display */,
			);
			path = Components;
			sourceTree = "<group>";
		};
		247B721F2B8B9D120025061C /* Display */ = {
			isa = PBXGroup;
			children = (
				24C2347F2B8B9DC000B2B092 /* CardView.swift */,
			);
			path = Display;
			sourceTree = "<group>";
		};
		2482B7822B5F58EF00A35D17 /* Extensions */ = {
			isa = PBXGroup;
			children = (
				2482B7832B5F590D00A35D17 /* Color.swift */,
				24C234862B93923900B2B092 /* PreviewProvider.swift */,
			);
			path = Extensions;
			sourceTree = "<group>";
		};
		249181E02B61C3D40009E089 /* Concepts */ = {
			isa = PBXGroup;
			children = (
				249181E52B6343EB0009E089 /* Components */,
				249181E32B61C3FF0009E089 /* ColorPaletteView.swift */,
			);
			path = Concepts;
			sourceTree = "<group>";
		};
		249181E52B6343EB0009E089 /* Components */ = {
			isa = PBXGroup;
			children = (
				249181E62B6344050009E089 /* PaletteCardView.swift */,
				249181E82B63446A0009E089 /* MainColorView.swift */,
				249181EA2B65972A0009E089 /* AlertColorView.swift */,
				24C017012B6737C300945665 /* BackgroundColorView.swift */,
			);
			path = Components;
			sourceTree = "<group>";
		};
		24C234812B8C137300B2B092 /* ProfileHeaderView */ = {
			isa = PBXGroup;
			children = (
				24C234822B8C138C00B2B092 /* ProfileHeaderView.swift */,
			);
			path = ProfileHeaderView;
			sourceTree = "<group>";
		};
/* End PBXGroup section */

/* Begin PBXNativeTarget section */
		241CB92C2B5751D0008D2691 /* Grit */ = {
			isa = PBXNativeTarget;
			buildConfigurationList = 241CB93B2B5751D4008D2691 /* Build configuration list for PBXNativeTarget "Grit" */;
			buildPhases = (
				241CB9292B5751D0008D2691 /* Sources */,
				241CB92A2B5751D0008D2691 /* Frameworks */,
				241CB92B2B5751D0008D2691 /* Resources */,
			);
			buildRules = (
			);
			dependencies = (
			);
			name = Grit;
			productName = Grit;
			productReference = 241CB92D2B5751D0008D2691 /* Grit.app */;
			productType = "com.apple.product-type.application";
		};
/* End PBXNativeTarget section */

/* Begin PBXProject section */
		241CB9252B5751D0008D2691 /* Project object */ = {
			isa = PBXProject;
			attributes = {
				BuildIndependentTargetsInParallel = 1;
				LastSwiftUpdateCheck = 1420;
				LastUpgradeCheck = 1420;
				TargetAttributes = {
					241CB92C2B5751D0008D2691 = {
						CreatedOnToolsVersion = 14.2;
					};
				};
			};
			buildConfigurationList = 241CB9282B5751D0008D2691 /* Build configuration list for PBXProject "Grit" */;
			compatibilityVersion = "Xcode 14.0";
			developmentRegion = en;
			hasScannedForEncodings = 0;
			knownRegions = (
				en,
				Base,
			);
			mainGroup = 241CB9242B5751D0008D2691;
			productRefGroup = 241CB92E2B5751D0008D2691 /* Products */;
			projectDirPath = "";
			projectRoot = "";
			targets = (
				241CB92C2B5751D0008D2691 /* Grit */,
			);
		};
/* End PBXProject section */

/* Begin PBXResourcesBuildPhase section */
		241CB92B2B5751D0008D2691 /* Resources */ = {
			isa = PBXResourcesBuildPhase;
			buildActionMask = 2147483647;
			files = (
				241CB9382B5751D4008D2691 /* Preview Assets.xcassets in Resources */,
				241CB9352B5751D4008D2691 /* Assets.xcassets in Resources */,
			);
			runOnlyForDeploymentPostprocessing = 0;
		};
/* End PBXResourcesBuildPhase section */

/* Begin PBXSourcesBuildPhase section */
		241CB9292B5751D0008D2691 /* Sources */ = {
			isa = PBXSourcesBuildPhase;
			buildActionMask = 2147483647;
			files = (
				2466C0B72B575B8600416DB6 /* ActionView.swift in Sources */,
				247B720D2B792D3B0025061C /* WorkoutModel.swift in Sources */,
				249181EB2B65972A0009E089 /* AlertColorView.swift in Sources */,
				241CB9332B5751D0008D2691 /* ContentView.swift in Sources */,
				247B72112B7970930025061C /* RoutineModel.swift in Sources */,
				249181E42B61C3FF0009E089 /* ColorPaletteView.swift in Sources */,
				247B720F2B796D500025061C /* ExerciseModel.swift in Sources */,
				249181E92B63446A0009E089 /* MainColorView.swift in Sources */,
				247B721C2B8981780025061C /* ProfileNavbarView.swift in Sources */,
				2466C0B52B575B7700416DB6 /* ProfileView.swift in Sources */,
				249181E72B6344050009E089 /* PaletteCardView.swift in Sources */,
				2466C0BA2B575B9C00416DB6 /* HomeView.swift in Sources */,
				241CB9312B5751D0008D2691 /* GritApp.swift in Sources */,
				24C234832B8C138C00B2B092 /* ProfileHeaderView.swift in Sources */,
				24C234892BA2843000B2B092 /* ProfileViewModel.swift in Sources */,
				24C017022B6737C300945665 /* BackgroundColorView.swift in Sources */,
				247B72192B8818380025061C /* UserModel.swift in Sources */,
				24C234802B8B9DC000B2B092 /* CardView.swift in Sources */,
				2482B7842B5F590D00A35D17 /* Color.swift in Sources */,
				24C234872B93923900B2B092 /* PreviewProvider.swift in Sources */,
			);
			runOnlyForDeploymentPostprocessing = 0;
		};
/* End PBXSourcesBuildPhase section */

/* Begin XCBuildConfiguration section */
		241CB9392B5751D4008D2691 /* Debug */ = {
			isa = XCBuildConfiguration;
			buildSettings = {
				ALWAYS_SEARCH_USER_PATHS = NO;
				CLANG_ANALYZER_NONNULL = YES;
				CLANG_ANALYZER_NUMBER_OBJECT_CONVERSION = YES_AGGRESSIVE;
				CLANG_CXX_LANGUAGE_STANDARD = "gnu++20";
				CLANG_ENABLE_MODULES = YES;
				CLANG_ENABLE_OBJC_ARC = YES;
				CLANG_ENABLE_OBJC_WEAK = YES;
				CLANG_WARN_BLOCK_CAPTURE_AUTORELEASING = YES;
				CLANG_WARN_BOOL_CONVERSION = YES;
				CLANG_WARN_COMMA = YES;
				CLANG_WARN_CONSTANT_CONVERSION = YES;
				CLANG_WARN_DEPRECATED_OBJC_IMPLEMENTATIONS = YES;
				CLANG_WARN_DIRECT_OBJC_ISA_USAGE = YES_ERROR;
				CLANG_WARN_DOCUMENTATION_COMMENTS = YES;
				CLANG_WARN_EMPTY_BODY = YES;
				CLANG_WARN_ENUM_CONVERSION = YES;
				CLANG_WARN_INFINITE_RECURSION = YES;
				CLANG_WARN_INT_CONVERSION = YES;
				CLANG_WARN_NON_LITERAL_NULL_CONVERSION = YES;
				CLANG_WARN_OBJC_IMPLICIT_RETAIN_SELF = YES;
				CLANG_WARN_OBJC_LITERAL_CONVERSION = YES;
				CLANG_WARN_OBJC_ROOT_CLASS = YES_ERROR;
				CLANG_WARN_QUOTED_INCLUDE_IN_FRAMEWORK_HEADER = YES;
				CLANG_WARN_RANGE_LOOP_ANALYSIS = YES;
				CLANG_WARN_STRICT_PROTOTYPES = YES;
				CLANG_WARN_SUSPICIOUS_MOVE = YES;
				CLANG_WARN_UNGUARDED_AVAILABILITY = YES_AGGRESSIVE;
				CLANG_WARN_UNREACHABLE_CODE = YES;
				CLANG_WARN__DUPLICATE_METHOD_MATCH = YES;
				COPY_PHASE_STRIP = NO;
				DEBUG_INFORMATION_FORMAT = dwarf;
				ENABLE_STRICT_OBJC_MSGSEND = YES;
				ENABLE_TESTABILITY = YES;
				GCC_C_LANGUAGE_STANDARD = gnu11;
				GCC_DYNAMIC_NO_PIC = NO;
				GCC_NO_COMMON_BLOCKS = YES;
				GCC_OPTIMIZATION_LEVEL = 0;
				GCC_PREPROCESSOR_DEFINITIONS = (
					"DEBUG=1",
					"$(inherited)",
				);
				GCC_WARN_64_TO_32_BIT_CONVERSION = YES;
				GCC_WARN_ABOUT_RETURN_TYPE = YES_ERROR;
				GCC_WARN_UNDECLARED_SELECTOR = YES;
				GCC_WARN_UNINITIALIZED_AUTOS = YES_AGGRESSIVE;
				GCC_WARN_UNUSED_FUNCTION = YES;
				GCC_WARN_UNUSED_VARIABLE = YES;
				IPHONEOS_DEPLOYMENT_TARGET = 16.2;
				MTL_ENABLE_DEBUG_INFO = INCLUDE_SOURCE;
				MTL_FAST_MATH = YES;
				ONLY_ACTIVE_ARCH = YES;
				SDKROOT = iphoneos;
				SWIFT_ACTIVE_COMPILATION_CONDITIONS = DEBUG;
				SWIFT_OPTIMIZATION_LEVEL = "-Onone";
			};
			name = Debug;
		};
		241CB93A2B5751D4008D2691 /* Release */ = {
			isa = XCBuildConfiguration;
			buildSettings = {
				ALWAYS_SEARCH_USER_PATHS = NO;
				CLANG_ANALYZER_NONNULL = YES;
				CLANG_ANALYZER_NUMBER_OBJECT_CONVERSION = YES_AGGRESSIVE;
				CLANG_CXX_LANGUAGE_STANDARD = "gnu++20";
				CLANG_ENABLE_MODULES = YES;
				CLANG_ENABLE_OBJC_ARC = YES;
				CLANG_ENABLE_OBJC_WEAK = YES;
				CLANG_WARN_BLOCK_CAPTURE_AUTORELEASING = YES;
				CLANG_WARN_BOOL_CONVERSION = YES;
				CLANG_WARN_COMMA = YES;
				CLANG_WARN_CONSTANT_CONVERSION = YES;
				CLANG_WARN_DEPRECATED_OBJC_IMPLEMENTATIONS = YES;
				CLANG_WARN_DIRECT_OBJC_ISA_USAGE = YES_ERROR;
				CLANG_WARN_DOCUMENTATION_COMMENTS = YES;
				CLANG_WARN_EMPTY_BODY = YES;
				CLANG_WARN_ENUM_CONVERSION = YES;
				CLANG_WARN_INFINITE_RECURSION = YES;
				CLANG_WARN_INT_CONVERSION = YES;
				CLANG_WARN_NON_LITERAL_NULL_CONVERSION = YES;
				CLANG_WARN_OBJC_IMPLICIT_RETAIN_SELF = YES;
				CLANG_WARN_OBJC_LITERAL_CONVERSION = YES;
				CLANG_WARN_OBJC_ROOT_CLASS = YES_ERROR;
				CLANG_WARN_QUOTED_INCLUDE_IN_FRAMEWORK_HEADER = YES;
				CLANG_WARN_RANGE_LOOP_ANALYSIS = YES;
				CLANG_WARN_STRICT_PROTOTYPES = YES;
				CLANG_WARN_SUSPICIOUS_MOVE = YES;
				CLANG_WARN_UNGUARDED_AVAILABILITY = YES_AGGRESSIVE;
				CLANG_WARN_UNREACHABLE_CODE = YES;
				CLANG_WARN__DUPLICATE_METHOD_MATCH = YES;
				COPY_PHASE_STRIP = NO;
				DEBUG_INFORMATION_FORMAT = "dwarf-with-dsym";
				ENABLE_NS_ASSERTIONS = NO;
				ENABLE_STRICT_OBJC_MSGSEND = YES;
				GCC_C_LANGUAGE_STANDARD = gnu11;
				GCC_NO_COMMON_BLOCKS = YES;
				GCC_WARN_64_TO_32_BIT_CONVERSION = YES;
				GCC_WARN_ABOUT_RETURN_TYPE = YES_ERROR;
				GCC_WARN_UNDECLARED_SELECTOR = YES;
				GCC_WARN_UNINITIALIZED_AUTOS = YES_AGGRESSIVE;
				GCC_WARN_UNUSED_FUNCTION = YES;
				GCC_WARN_UNUSED_VARIABLE = YES;
				IPHONEOS_DEPLOYMENT_TARGET = 16.2;
				MTL_ENABLE_DEBUG_INFO = NO;
				MTL_FAST_MATH = YES;
				SDKROOT = iphoneos;
				SWIFT_COMPILATION_MODE = wholemodule;
				SWIFT_OPTIMIZATION_LEVEL = "-O";
				VALIDATE_PRODUCT = YES;
			};
			name = Release;
		};
		241CB93C2B5751D4008D2691 /* Debug */ = {
			isa = XCBuildConfiguration;
			buildSettings = {
				ASSETCATALOG_COMPILER_APPICON_NAME = AppIcon;
				ASSETCATALOG_COMPILER_GLOBAL_ACCENT_COLOR_NAME = AccentColor;
				CODE_SIGN_STYLE = Automatic;
				CURRENT_PROJECT_VERSION = 1;
				DEVELOPMENT_ASSET_PATHS = "\"Grit/Preview Content\"";
				ENABLE_PREVIEWS = YES;
				GENERATE_INFOPLIST_FILE = YES;
				INFOPLIST_KEY_CFBundleDisplayName = Grit;
				INFOPLIST_KEY_LSApplicationCategoryType = "public.app-category.healthcare-fitness";
				INFOPLIST_KEY_UIApplicationSceneManifest_Generation = YES;
				INFOPLIST_KEY_UIApplicationSupportsIndirectInputEvents = YES;
				INFOPLIST_KEY_UILaunchScreen_Generation = YES;
				INFOPLIST_KEY_UISupportedInterfaceOrientations = UIInterfaceOrientationPortrait;
				INFOPLIST_KEY_UISupportedInterfaceOrientations_iPad = "UIInterfaceOrientationLandscapeLeft UIInterfaceOrientationLandscapeRight UIInterfaceOrientationPortrait UIInterfaceOrientationPortraitUpsideDown";
				IPHONEOS_DEPLOYMENT_TARGET = 17.0;
				LD_RUNPATH_SEARCH_PATHS = (
					"$(inherited)",
					"@executable_path/Frameworks",
				);
				MARKETING_VERSION = 1.0;
				PRODUCT_BUNDLE_IDENTIFIER = ios.danielalfonso.Grit;
				PRODUCT_NAME = "$(TARGET_NAME)";
				SWIFT_EMIT_LOC_STRINGS = YES;
				SWIFT_VERSION = 5.0;
				TARGETED_DEVICE_FAMILY = "1,2";
			};
			name = Debug;
		};
		241CB93D2B5751D4008D2691 /* Release */ = {
			isa = XCBuildConfiguration;
			buildSettings = {
				ASSETCATALOG_COMPILER_APPICON_NAME = AppIcon;
				ASSETCATALOG_COMPILER_GLOBAL_ACCENT_COLOR_NAME = AccentColor;
				CODE_SIGN_STYLE = Automatic;
				CURRENT_PROJECT_VERSION = 1;
				DEVELOPMENT_ASSET_PATHS = "\"Grit/Preview Content\"";
				ENABLE_PREVIEWS = YES;
				GENERATE_INFOPLIST_FILE = YES;
				INFOPLIST_KEY_CFBundleDisplayName = Grit;
				INFOPLIST_KEY_LSApplicationCategoryType = "public.app-category.healthcare-fitness";
				INFOPLIST_KEY_UIApplicationSceneManifest_Generation = YES;
				INFOPLIST_KEY_UIApplicationSupportsIndirectInputEvents = YES;
				INFOPLIST_KEY_UILaunchScreen_Generation = YES;
				INFOPLIST_KEY_UISupportedInterfaceOrientations = UIInterfaceOrientationPortrait;
				INFOPLIST_KEY_UISupportedInterfaceOrientations_iPad = "UIInterfaceOrientationLandscapeLeft UIInterfaceOrientationLandscapeRight UIInterfaceOrientationPortrait UIInterfaceOrientationPortraitUpsideDown";
				IPHONEOS_DEPLOYMENT_TARGET = 17.0;
				LD_RUNPATH_SEARCH_PATHS = (
					"$(inherited)",
					"@executable_path/Frameworks",
				);
				MARKETING_VERSION = 1.0;
				PRODUCT_BUNDLE_IDENTIFIER = ios.danielalfonso.Grit;
				PRODUCT_NAME = "$(TARGET_NAME)";
				SWIFT_EMIT_LOC_STRINGS = YES;
				SWIFT_VERSION = 5.0;
				TARGETED_DEVICE_FAMILY = "1,2";
			};
			name = Release;
		};
/* End XCBuildConfiguration section */

/* Begin XCConfigurationList section */
		241CB9282B5751D0008D2691 /* Build configuration list for PBXProject "Grit" */ = {
			isa = XCConfigurationList;
			buildConfigurations = (
				241CB9392B5751D4008D2691 /* Debug */,
				241CB93A2B5751D4008D2691 /* Release */,
			);
			defaultConfigurationIsVisible = 0;
			defaultConfigurationName = Release;
		};
		241CB93B2B5751D4008D2691 /* Build configuration list for PBXNativeTarget "Grit" */ = {
			isa = XCConfigurationList;
			buildConfigurations = (
				241CB93C2B5751D4008D2691 /* Debug */,
				241CB93D2B5751D4008D2691 /* Release */,
			);
			defaultConfigurationIsVisible = 0;
			defaultConfigurationName = Release;
		};
/* End XCConfigurationList section */
	};
	rootObject = 241CB9252B5751D0008D2691 /* Project object */;
}
